
Microsoft Visual Studio Solution File, Format Version 12.00
# Visual Studio Version 17
VisualStudioVersion = 17.14.36511.14 d17.14
MinimumVisualStudioVersion = 10.0.40219.1
Project("{FAE04EC0-301F-11D3-BF4B-00C04F79EFBC}") = "Practical 1", "Practical 1\Practical 1.csproj", "{504BD3E2-5137-4635-8E6F-A5A754EFF73B}"
EndProject
Global
	GlobalSection(SolutionConfigurationPlatforms) = preSolution
		Debug|Any CPU = Debug|Any CPU
		Release|Any CPU = Release|Any CPU
	EndGlobalSection
	GlobalSection(ProjectConfigurationPlatforms) = postSolution
		{504BD3E2-5137-4635-8E6F-A5A754EFF73B}.Debug|Any CPU.ActiveCfg = Debug|Any CPU
		{504BD3E2-5137-4635-8E6F-A5A754EFF73B}.Debug|Any CPU.Build.0 = Debug|Any CPU
		{504BD3E2-5137-4635-8E6F-A5A754EFF73B}.Release|Any CPU.ActiveCfg = Release|Any CPU
		{504BD3E2-5137-4635-8E6F-A5A754EFF73B}.Release|Any CPU.Build.0 = Release|Any CPU
	EndGlobalSection
	GlobalSection(SolutionProperties) = preSolution
		HideSolutionNode = FALSE
	EndGlobalSection
	GlobalSection(ExtensibilityGlobals) = postSolution
		SolutionGuid = {E150BADB-6911-4D22-B792-6096F5811C39}
	EndGlobalSection
EndGlobal
